
Microsoft Visual Studio Solution File, Format Version 12.00
# Visual Studio 14
VisualStudioVersion = 14.0.24720.0
MinimumVisualStudioVersion = 10.0.40219.1
Project("{FAE04EC0-301F-11D3-BF4B-00C04F79EFBC}") = "tcc.core.repository", "tcc.core.repository\tcc.core.repository.csproj", "{2E4F1DE5-83C8-4BBF-951D-EB5AAB06998B}"
EndProject
Project("{FAE04EC0-301F-11D3-BF4B-00C04F79EFBC}") = "tcc.core.service", "tcc.core.service\tcc.core.service.csproj", "{1313D8A3-4FD9-4C0B-A016-C41FDCD4BD94}"
EndProject
Global
	GlobalSection(SolutionConfigurationPlatforms) = preSolution
		Debug|Any CPU = Debug|Any CPU
		Release|Any CPU = Release|Any CPU
	EndGlobalSection
	GlobalSection(ProjectConfigurationPlatforms) = postSolution
		{2E4F1DE5-83C8-4BBF-951D-EB5AAB06998B}.Debug|Any CPU.ActiveCfg = Debug|Any CPU
		{2E4F1DE5-83C8-4BBF-951D-EB5AAB06998B}.Debug|Any CPU.Build.0 = Debug|Any CPU
		{2E4F1DE5-83C8-4BBF-951D-EB5AAB06998B}.Release|Any CPU.ActiveCfg = Release|Any CPU
		{2E4F1DE5-83C8-4BBF-951D-EB5AAB06998B}.Release|Any CPU.Build.0 = Release|Any CPU
		{1313D8A3-4FD9-4C0B-A016-C41FDCD4BD94}.Debug|Any CPU.ActiveCfg = Debug|Any CPU
		{1313D8A3-4FD9-4C0B-A016-C41FDCD4BD94}.Debug|Any CPU.Build.0 = Debug|Any CPU
		{1313D8A3-4FD9-4C0B-A016-C41FDCD4BD94}.Release|Any CPU.ActiveCfg = Release|Any CPU
		{1313D8A3-4FD9-4C0B-A016-C41FDCD4BD94}.Release|Any CPU.Build.0 = Release|Any CPU
	EndGlobalSection
	GlobalSection(SolutionProperties) = preSolution
		HideSolutionNode = FALSE
	EndGlobalSection
EndGlobal
